
Microsoft Visual Studio Solution File, Format Version 12.00
# Visual Studio Version 17
VisualStudioVersion = 17.12.35527.113 d17.12
MinimumVisualStudioVersion = 10.0.40219.1
Project("{FAE04EC0-301F-11D3-BF4B-00C04F79EFBC}") = "PantheraSphere", "PantheraSphere\PantheraSphere.csproj", "{B4AFE52D-0211-4F75-9AC2-247EB691B178}"
EndProject
Project("{FAE04EC0-301F-11D3-BF4B-00C04F79EFBC}") = "Core", "Core\Core.csproj", "{9755B2D3-5B32-4C7B-B112-D7DDC91B817B}"
EndProject
Global
	GlobalSection(SolutionConfigurationPlatforms) = preSolution
		Debug|Any CPU = Debug|Any CPU
		Release|Any CPU = Release|Any CPU
	EndGlobalSection
	GlobalSection(ProjectConfigurationPlatforms) = postSolution
		{B4AFE52D-0211-4F75-9AC2-247EB691B178}.Debug|Any CPU.ActiveCfg = Debug|Any CPU
		{B4AFE52D-0211-4F75-9AC2-247EB691B178}.Debug|Any CPU.Build.0 = Debug|Any CPU
		{B4AFE52D-0211-4F75-9AC2-247EB691B178}.Release|Any CPU.ActiveCfg = Release|Any CPU
		{B4AFE52D-0211-4F75-9AC2-247EB691B178}.Release|Any CPU.Build.0 = Release|Any CPU
		{9755B2D3-5B32-4C7B-B112-D7DDC91B817B}.Debug|Any CPU.ActiveCfg = Debug|Any CPU
		{9755B2D3-5B32-4C7B-B112-D7DDC91B817B}.Debug|Any CPU.Build.0 = Debug|Any CPU
		{9755B2D3-5B32-4C7B-B112-D7DDC91B817B}.Release|Any CPU.ActiveCfg = Release|Any CPU
		{9755B2D3-5B32-4C7B-B112-D7DDC91B817B}.Release|Any CPU.Build.0 = Release|Any CPU
	EndGlobalSection
	GlobalSection(SolutionProperties) = preSolution
		HideSolutionNode = FALSE
	EndGlobalSection
EndGlobal
